
Microsoft Visual Studio Solution File, Format Version 12.00
# Visual Studio Version 16
VisualStudioVersion = 16.0.32802.440
MinimumVisualStudioVersion = 10.0.40219.1
Project("{FAE04EC0-301F-11D3-BF4B-00C04F79EFBC}") = "SimpleCRM", "SimpleCRM.csproj", "{74936BD0-AF71-4D42-B0BD-8D9B099780BA}"
EndProject
Global
	GlobalSection(SolutionConfigurationPlatforms) = preSolution
		Debug|Any CPU = Debug|Any CPU
		Release|Any CPU = Release|Any CPU
	EndGlobalSection
	GlobalSection(ProjectConfigurationPlatforms) = postSolution
		{74936BD0-AF71-4D42-B0BD-8D9B099780BA}.Debug|Any CPU.ActiveCfg = Debug|Any CPU
		{74936BD0-AF71-4D42-B0BD-8D9B099780BA}.Debug|Any CPU.Build.0 = Debug|Any CPU
		{74936BD0-AF71-4D42-B0BD-8D9B099780BA}.Release|Any CPU.ActiveCfg = Release|Any CPU
		{74936BD0-AF71-4D42-B0BD-8D9B099780BA}.Release|Any CPU.Build.0 = Release|Any CPU
	EndGlobalSection
	GlobalSection(SolutionProperties) = preSolution
		HideSolutionNode = FALSE
	EndGlobalSection
	GlobalSection(ExtensibilityGlobals) = postSolution
		SolutionGuid = {398AB851-DDF4-44A8-8C1F-9CEE69E16B7B}
	EndGlobalSection
EndGlobal
